
Microsoft Visual Studio Solution File, Format Version 12.00
# Visual Studio 15
VisualStudioVersion = 15.0.27703.2047
MinimumVisualStudioVersion = 10.0.40219.1
Project("{FAE04EC0-301F-11D3-BF4B-00C04F79EFBC}") = "SL_PRAMS", "SL_PRAMS\SL_PRAMS.csproj", "{DEFD43DB-F9CC-4C03-B487-B08EF7360EA6}"
	ProjectSection(ProjectDependencies) = postProject
		{F9426059-27DB-45F0-9012-B1234965FBE0} = {F9426059-27DB-45F0-9012-B1234965FBE0}
	EndProjectSection
EndProject
Project("{2150E333-8FDC-42A3-9474-1A3956D46DE8}") = "Solution Items", "Solution Items", "{B3E18A2F-731E-4523-8D80-8011C0D61483}"
	ProjectSection(SolutionItems) = preProject
		README.md = README.md
	EndProjectSection
EndProject
Project("{FAE04EC0-301F-11D3-BF4B-00C04F79EFBC}") = "ToggleSwitch", "..\toggle-switch-control\WPF\ToggleSwitch\ToggleSwitch.csproj", "{F9426059-27DB-45F0-9012-B1234965FBE0}"
EndProject
Global
	GlobalSection(SolutionConfigurationPlatforms) = preSolution
		Debug|Any CPU = Debug|Any CPU
		Release|Any CPU = Release|Any CPU
	EndGlobalSection
	GlobalSection(ProjectConfigurationPlatforms) = postSolution
		{DEFD43DB-F9CC-4C03-B487-B08EF7360EA6}.Debug|Any CPU.ActiveCfg = Debug|Any CPU
		{DEFD43DB-F9CC-4C03-B487-B08EF7360EA6}.Debug|Any CPU.Build.0 = Debug|Any CPU
		{DEFD43DB-F9CC-4C03-B487-B08EF7360EA6}.Release|Any CPU.ActiveCfg = Release|Any CPU
		{DEFD43DB-F9CC-4C03-B487-B08EF7360EA6}.Release|Any CPU.Build.0 = Release|Any CPU
		{F9426059-27DB-45F0-9012-B1234965FBE0}.Debug|Any CPU.ActiveCfg = Debug|Any CPU
		{F9426059-27DB-45F0-9012-B1234965FBE0}.Debug|Any CPU.Build.0 = Debug|Any CPU
		{F9426059-27DB-45F0-9012-B1234965FBE0}.Release|Any CPU.ActiveCfg = Release|Any CPU
		{F9426059-27DB-45F0-9012-B1234965FBE0}.Release|Any CPU.Build.0 = Release|Any CPU
	EndGlobalSection
	GlobalSection(SolutionProperties) = preSolution
		HideSolutionNode = FALSE
	EndGlobalSection
	GlobalSection(ExtensibilityGlobals) = postSolution
		SolutionGuid = {74E41F65-59E8-43C2-8B04-5BF013A31432}
	EndGlobalSection
EndGlobal
